# Generated by pub
# See https://dart.dev/tools/pub/glossary#lockfile
packages:
  cloud_firestore:
    dependency: transitive
    description:
      name: cloud_firestore
      url: "https://pub.dartlang.org"
    source: hosted
    version: "0.12.9+3"
  collection:
    dependency: transitive
    description:
      name: collection
      url: "https://pub.dartlang.org"
    source: hosted
    version: "1.14.11"
  firebase_core:
    dependency: transitive
    description:
      name: firebase_core
      url: "https://pub.dartlang.org"
    source: hosted
    version: "0.4.0+9"
  firestore_ui:
    dependency: "direct main"
    description:
      path: ".."
      relative: true
    source: path
    version: "1.7.2"
  flutter:
    dependency: "direct main"
    description: flutter
    source: sdk
    version: "0.0.0"
  flutter_staggered_grid_view:
    dependency: transitive
    description:
      name: flutter_staggered_grid_view
      url: "https://pub.dartlang.org"
    source: hosted
    version: "0.3.0"
  meta:
    dependency: transitive
    description:
      name: meta
      url: "https://pub.dartlang.org"
    source: hosted
    version: "1.1.6"
  sky_engine:
    dependency: transitive
    description: flutter
    source: sdk
    version: "0.0.99"
  typed_data:
    dependency: transitive
    description:
      name: typed_data
      url: "https://pub.dartlang.org"
    source: hosted
    version: "1.1.6"
  vector_math:
    dependency: transitive
    description:
      name: vector_math
      url: "https://pub.dartlang.org"
    source: hosted
    version: "2.0.8"
sdks:
  dart: ">=2.2.2 <3.0.0"
  flutter: ">=1.6.0 <2.0.0"
